// !$*UTF8*$!
{
	archiveVersion = 1;
	classes = {
	};
	objectVersion = 55;
	objects = {

/* Begin PBXBuildFile section */
		3C745FC92852A83800D21707 /* AppDelegate.swift in Sources */ = {isa = PBXBuildFile; fileRef = 3C745FC82852A83800D21707 /* AppDelegate.swift */; };
		3C745FCB2852A83800D21707 /* SceneDelegate.swift in Sources */ = {isa = PBXBuildFile; fileRef = 3C745FCA2852A83800D21707 /* SceneDelegate.swift */; };
		3C745FCD2852A83800D21707 /* ViewController.swift in Sources */ = {isa = PBXBuildFile; fileRef = 3C745FCC2852A83800D21707 /* ViewController.swift */; };
		3C745FD22852A83900D21707 /* Assets.xcassets in Resources */ = {isa = PBXBuildFile; fileRef = 3C745FD12852A83900D21707 /* Assets.xcassets */; };
		3C745FD52852A83900D21707 /* LaunchScreen.storyboard in Resources */ = {isa = PBXBuildFile; fileRef = 3C745FD32852A83900D21707 /* LaunchScreen.storyboard */; };
		3C745FDD2852AA8B00D21707 /* stops.txt in Resources */ = {isa = PBXBuildFile; fileRef = 3C745FDC2852AA8B00D21707 /* stops.txt */; };
		C3C519AC9B1F5D8D32D573A6 /* Pods_hire_ios_stops.framework in Frameworks */ = {isa = PBXBuildFile; fileRef = CCE25CE8C90CBA8B00EC8E72 /* Pods_hire_ios_stops.framework */; };
/* End PBXBuildFile section */

/* Begin PBXFileReference section */
		3C745FC52852A83800D21707 /* hire-ios-stops.app */ = {isa = PBXFileReference; explicitFileType = wrapper.application; includeInIndex = 0; path = "hire-ios-stops.app"; sourceTree = BUILT_PRODUCTS_DIR; };
		3C745FC82852A83800D21707 /* AppDelegate.swift */ = {isa = PBXFileReference; lastKnownFileType = sourcecode.swift; path = AppDelegate.swift; sourceTree = "<group>"; };
		3C745FCA2852A83800D21707 /* SceneDelegate.swift */ = {isa = PBXFileReference; lastKnownFileType = sourcecode.swift; path = SceneDelegate.swift; sourceTree = "<group>"; };
		3C745FCC2852A83800D21707 /* ViewController.swift */ = {isa = PBXFileReference; lastKnownFileType = sourcecode.swift; path = ViewController.swift; sourceTree = "<group>"; };
		3C745FD12852A83900D21707 /* Assets.xcassets */ = {isa = PBXFileReference; lastKnownFileType = folder.assetcatalog; path = Assets.xcassets; sourceTree = "<group>"; };
		3C745FD42852A83900D21707 /* Base */ = {isa = PBXFileReference; lastKnownFileType = file.storyboard; name = Base; path = Base.lproj/LaunchScreen.storyboard; sourceTree = "<group>"; };
		3C745FD62852A83900D21707 /* Info.plist */ = {isa = PBXFileReference; lastKnownFileType = text.plist.xml; path = Info.plist; sourceTree = "<group>"; };
		3C745FDC2852AA8B00D21707 /* stops.txt */ = {isa = PBXFileReference; fileEncoding = 4; lastKnownFileType = text; path = stops.txt; sourceTree = "<group>"; };
		554A5A3D2A7E6D9884A506F3 /* Pods-hire-ios-stops.release.xcconfig */ = {isa = PBXFileReference; includeInIndex = 1; lastKnownFileType = text.xcconfig; name = "Pods-hire-ios-stops.release.xcconfig"; path = "Target Support Files/Pods-hire-ios-stops/Pods-hire-ios-stops.release.xcconfig"; sourceTree = "<group>"; };
		C3296D8F13213B3A4216E6A1 /* Pods-hire-ios-stops.debug.xcconfig */ = {isa = PBXFileReference; includeInIndex = 1; lastKnownFileType = text.xcconfig; name = "Pods-hire-ios-stops.debug.xcconfig"; path = "Target Support Files/Pods-hire-ios-stops/Pods-hire-ios-stops.debug.xcconfig"; sourceTree = "<group>"; };
		CCE25CE8C90CBA8B00EC8E72 /* Pods_hire_ios_stops.framework */ = {isa = PBXFileReference; explicitFileType = wrapper.framework; includeInIndex = 0; path = Pods_hire_ios_stops.framework; sourceTree = BUILT_PRODUCTS_DIR; };
/* End PBXFileReference section */

/* Begin PBXFrameworksBuildPhase section */
		3C745FC22852A83800D21707 /* Frameworks */ = {
			isa = PBXFrameworksBuildPhase;
			buildActionMask = 2147483647;
			files = (
				C3C519AC9B1F5D8D32D573A6 /* Pods_hire_ios_stops.framework in Frameworks */,
			);
			runOnlyForDeploymentPostprocessing = 0;
		};
/* End PBXFrameworksBuildPhase section */

/* Begin PBXGroup section */
		3AAB8DB6453E96E738316F25 /* Pods */ = {
			isa = PBXGroup;
			children = (
				C3296D8F13213B3A4216E6A1 /* Pods-hire-ios-stops.debug.xcconfig */,
				554A5A3D2A7E6D9884A506F3 /* Pods-hire-ios-stops.release.xcconfig */,
			);
			path = Pods;
			sourceTree = "<group>";
		};
		3C745FBC2852A83800D21707 = {
			isa = PBXGroup;
			children = (
				3C745FC72852A83800D21707 /* hire-ios-stops */,
				3C745FC62852A83800D21707 /* Products */,
				3AAB8DB6453E96E738316F25 /* Pods */,
				95FF28D1B90F38AD204840B4 /* Frameworks */,
			);
			sourceTree = "<group>";
		};
		3C745FC62852A83800D21707 /* Products */ = {
			isa = PBXGroup;
			children = (
				3C745FC52852A83800D21707 /* hire-ios-stops.app */,
			);
			name = Products;
			sourceTree = "<group>";
		};
		3C745FC72852A83800D21707 /* hire-ios-stops */ = {
			isa = PBXGroup;
			children = (
				3C745FDC2852AA8B00D21707 /* stops.txt */,
				3C745FC82852A83800D21707 /* AppDelegate.swift */,
				3C745FCA2852A83800D21707 /* SceneDelegate.swift */,
				3C745FCC2852A83800D21707 /* ViewController.swift */,
				3C745FD12852A83900D21707 /* Assets.xcassets */,
				3C745FD32852A83900D21707 /* LaunchScreen.storyboard */,
				3C745FD62852A83900D21707 /* Info.plist */,
			);
			path = "hire-ios-stops";
			sourceTree = "<group>";
		};
		95FF28D1B90F38AD204840B4 /* Frameworks */ = {
			isa = PBXGroup;
			children = (
				CCE25CE8C90CBA8B00EC8E72 /* Pods_hire_ios_stops.framework */,
			);
			name = Frameworks;
			sourceTree = "<group>";
		};
/* End PBXGroup section */

/* Begin PBXNativeTarget section */
		3C745FC42852A83800D21707 /* hire-ios-stops */ = {
			isa = PBXNativeTarget;
			buildConfigurationList = 3C745FD92852A83900D21707 /* Build configuration list for PBXNativeTarget "hire-ios-stops" */;
			buildPhases = (
				1075A2AA44DE04EC5EDD36C7 /* [CP] Check Pods Manifest.lock */,
				3C745FC12852A83800D21707 /* Sources */,
				3C745FC22852A83800D21707 /* Frameworks */,
				3C745FC32852A83800D21707 /* Resources */,
			);
			buildRules = (
			);
			dependencies = (
			);
			name = "hire-ios-stops";
			productName = "hire-ios-stops";
			productReference = 3C745FC52852A83800D21707 /* hire-ios-stops.app */;
			productType = "com.apple.product-type.application";
		};
/* End PBXNativeTarget section */

/* Begin PBXProject section */
		3C745FBD2852A83800D21707 /* Project object */ = {
			isa = PBXProject;
			attributes = {
				BuildIndependentTargetsInParallel = 1;
				LastSwiftUpdateCheck = 1340;
				LastUpgradeCheck = 1340;
				TargetAttributes = {
					3C745FC42852A83800D21707 = {
						CreatedOnToolsVersion = 13.4;
					};
				};
			};
			buildConfigurationList = 3C745FC02852A83800D21707 /* Build configuration list for PBXProject "hire-ios-stops" */;
			compatibilityVersion = "Xcode 13.0";
			developmentRegion = en;
			hasScannedForEncodings = 0;
			knownRegions = (
				en,
				Base,
			);
			mainGroup = 3C745FBC2852A83800D21707;
			productRefGroup = 3C745FC62852A83800D21707 /* Products */;
			projectDirPath = "";
			projectRoot = "";
			targets = (
				3C745FC42852A83800D21707 /* hire-ios-stops */,
			);
		};
/* End PBXProject section */

/* Begin PBXResourcesBuildPhase section */
		3C745FC32852A83800D21707 /* Resources */ = {
			isa = PBXResourcesBuildPhase;
			buildActionMask = 2147483647;
			files = (
				3C745FD52852A83900D21707 /* LaunchScreen.storyboard in Resources */,
				3C745FDD2852AA8B00D21707 /* stops.txt in Resources */,
				3C745FD22852A83900D21707 /* Assets.xcassets in Resources */,
			);
			runOnlyForDeploymentPostprocessing = 0;
		};
/* End PBXResourcesBuildPhase section */

/* Begin PBXShellScriptBuildPhase section */
		1075A2AA44DE04EC5EDD36C7 /* [CP] Check Pods Manifest.lock */ = {
			isa = PBXShellScriptBuildPhase;
			buildActionMask = 2147483647;
			files = (
			);
			inputFileListPaths = (
			);
			inputPaths = (
				"${PODS_PODFILE_DIR_PATH}/Podfile.lock",
				"${PODS_ROOT}/Manifest.lock",
			);
			name = "[CP] Check Pods Manifest.lock";
			outputFileListPaths = (
			);
			outputPaths = (
				"$(DERIVED_FILE_DIR)/Pods-hire-ios-stops-checkManifestLockResult.txt",
			);
			runOnlyForDeploymentPostprocessing = 0;
			shellPath = /bin/sh;
			shellScript = "diff \"${PODS_PODFILE_DIR_PATH}/Podfile.lock\" \"${PODS_ROOT}/Manifest.lock\" > /dev/null\nif [ $? != 0 ] ; then\n    # print error to STDERR\n    echo \"error: The sandbox is not in sync with the Podfile.lock. Run 'pod install' or update your CocoaPods installation.\" >&2\n    exit 1\nfi\n# This output is used by Xcode 'outputs' to avoid re-running this script phase.\necho \"SUCCESS\" > \"${SCRIPT_OUTPUT_FILE_0}\"\n";
			showEnvVarsInLog = 0;
		};
/* End PBXShellScriptBuildPhase section */

/* Begin PBXSourcesBuildPhase section */
		3C745FC12852A83800D21707 /* Sources */ = {
			isa = PBXSourcesBuildPhase;
			buildActionMask = 2147483647;
			files = (
				3C745FCD2852A83800D21707 /* ViewController.swift in Sources */,
				3C745FC92852A83800D21707 /* AppDelegate.swift in Sources */,
				3C745FCB2852A83800D21707 /* SceneDelegate.swift in Sources */,
			);
			runOnlyForDeploymentPostprocessing = 0;
		};
/* End PBXSourcesBuildPhase section */

/* Begin PBXVariantGroup section */
		3C745FD32852A83900D21707 /* LaunchScreen.storyboard */ = {
			isa = PBXVariantGroup;
			children = (
				3C745FD42852A83900D21707 /* Base */,
			);
			name = LaunchScreen.storyboard;
			sourceTree = "<group>";
		};
/* End PBXVariantGroup section */

/* Begin XCBuildConfiguration section */
		3C745FD72852A83900D21707 /* Debug */ = {
			isa = XCBuildConfiguration;
			buildSettings = {
				ALWAYS_SEARCH_USER_PATHS = NO;
				CLANG_ANALYZER_NONNULL = YES;
				CLANG_ANALYZER_NUMBER_OBJECT_CONVERSION = YES_AGGRESSIVE;
				CLANG_CXX_LANGUAGE_STANDARD = "gnu++17";
				CLANG_ENABLE_MODULES = YES;
				CLANG_ENABLE_OBJC_ARC = YES;
				CLANG_ENABLE_OBJC_WEAK = YES;
				CLANG_WARN_BLOCK_CAPTURE_AUTORELEASING = YES;
				CLANG_WARN_BOOL_CONVERSION = YES;
				CLANG_WARN_COMMA = YES;
				CLANG_WARN_CONSTANT_CONVERSION = YES;
				CLANG_WARN_DEPRECATED_OBJC_IMPLEMENTATIONS = YES;
				CLANG_WARN_DIRECT_OBJC_ISA_USAGE = YES_ERROR;
				CLANG_WARN_DOCUMENTATION_COMMENTS = YES;
				CLANG_WARN_EMPTY_BODY = YES;
				CLANG_WARN_ENUM_CONVERSION = YES;
				CLANG_WARN_INFINITE_RECURSION = YES;
				CLANG_WARN_INT_CONVERSION = YES;
				CLANG_WARN_NON_LITERAL_NULL_CONVERSION = YES;
				CLANG_WARN_OBJC_IMPLICIT_RETAIN_SELF = YES;
				CLANG_WARN_OBJC_LITERAL_CONVERSION = YES;
				CLANG_WARN_OBJC_ROOT_CLASS = YES_ERROR;
				CLANG_WARN_QUOTED_INCLUDE_IN_FRAMEWORK_HEADER = YES;
				CLANG_WARN_RANGE_LOOP_ANALYSIS = YES;
				CLANG_WARN_STRICT_PROTOTYPES = YES;
				CLANG_WARN_SUSPICIOUS_MOVE = YES;
				CLANG_WARN_UNGUARDED_AVAILABILITY = YES_AGGRESSIVE;
				CLANG_WARN_UNREACHABLE_CODE = YES;
				CLANG_WARN__DUPLICATE_METHOD_MATCH = YES;
				COPY_PHASE_STRIP = NO;
				DEBUG_INFORMATION_FORMAT = dwarf;
				ENABLE_STRICT_OBJC_MSGSEND = YES;
				ENABLE_TESTABILITY = YES;
				GCC_C_LANGUAGE_STANDARD = gnu11;
				GCC_DYNAMIC_NO_PIC = NO;
				GCC_NO_COMMON_BLOCKS = YES;
				GCC_OPTIMIZATION_LEVEL = 0;
				GCC_PREPROCESSOR_DEFINITIONS = (
					"DEBUG=1",
					"$(inherited)",
				);
				GCC_WARN_64_TO_32_BIT_CONVERSION = YES;
				GCC_WARN_ABOUT_RETURN_TYPE = YES_ERROR;
				GCC_WARN_UNDECLARED_SELECTOR = YES;
				GCC_WARN_UNINITIALIZED_AUTOS = YES_AGGRESSIVE;
				GCC_WARN_UNUSED_FUNCTION = YES;
				GCC_WARN_UNUSED_VARIABLE = YES;
				IPHONEOS_DEPLOYMENT_TARGET = 13.0;
				MTL_ENABLE_DEBUG_INFO = INCLUDE_SOURCE;
				MTL_FAST_MATH = YES;
				ONLY_ACTIVE_ARCH = YES;
				SDKROOT = iphoneos;
				SWIFT_ACTIVE_COMPILATION_CONDITIONS = DEBUG;
				SWIFT_OPTIMIZATION_LEVEL = "-Onone";
			};
			name = Debug;
		};
		3C745FD82852A83900D21707 /* Release */ = {
			isa = XCBuildConfiguration;
			buildSettings = {
				ALWAYS_SEARCH_USER_PATHS = NO;
				CLANG_ANALYZER_NONNULL = YES;
				CLANG_ANALYZER_NUMBER_OBJECT_CONVERSION = YES_AGGRESSIVE;
				CLANG_CXX_LANGUAGE_STANDARD = "gnu++17";
				CLANG_ENABLE_MODULES = YES;
				CLANG_ENABLE_OBJC_ARC = YES;
				CLANG_ENABLE_OBJC_WEAK = YES;
				CLANG_WARN_BLOCK_CAPTURE_AUTORELEASING = YES;
				CLANG_WARN_BOOL_CONVERSION = YES;
				CLANG_WARN_COMMA = YES;
				CLANG_WARN_CONSTANT_CONVERSION = YES;
				CLANG_WARN_DEPRECATED_OBJC_IMPLEMENTATIONS = YES;
				CLANG_WARN_DIRECT_OBJC_ISA_USAGE = YES_ERROR;
				CLANG_WARN_DOCUMENTATION_COMMENTS = YES;
				CLANG_WARN_EMPTY_BODY = YES;
				CLANG_WARN_ENUM_CONVERSION = YES;
				CLANG_WARN_INFINITE_RECURSION = YES;
				CLANG_WARN_INT_CONVERSION = YES;
				CLANG_WARN_NON_LITERAL_NULL_CONVERSION = YES;
				CLANG_WARN_OBJC_IMPLICIT_RETAIN_SELF = YES;
				CLANG_WARN_OBJC_LITERAL_CONVERSION = YES;
				CLANG_WARN_OBJC_ROOT_CLASS = YES_ERROR;
				CLANG_WARN_QUOTED_INCLUDE_IN_FRAMEWORK_HEADER = YES;
				CLANG_WARN_RANGE_LOOP_ANALYSIS = YES;
				CLANG_WARN_STRICT_PROTOTYPES = YES;
				CLANG_WARN_SUSPICIOUS_MOVE = YES;
				CLANG_WARN_UNGUARDED_AVAILABILITY = YES_AGGRESSIVE;
				CLANG_WARN_UNREACHABLE_CODE = YES;
				CLANG_WARN__DUPLICATE_METHOD_MATCH = YES;
				COPY_PHASE_STRIP = NO;
				DEBUG_INFORMATION_FORMAT = "dwarf-with-dsym";
				ENABLE_NS_ASSERTIONS = NO;
				ENABLE_STRICT_OBJC_MSGSEND = YES;
				GCC_C_LANGUAGE_STANDARD = gnu11;
				GCC_NO_COMMON_BLOCKS = YES;
				GCC_WARN_64_TO_32_BIT_CONVERSION = YES;
				GCC_WARN_ABOUT_RETURN_TYPE = YES_ERROR;
				GCC_WARN_UNDECLARED_SELECTOR = YES;
				GCC_WARN_UNINITIALIZED_AUTOS = YES_AGGRESSIVE;
				GCC_WARN_UNUSED_FUNCTION = YES;
				GCC_WARN_UNUSED_VARIABLE = YES;
				IPHONEOS_DEPLOYMENT_TARGET = 13.0;
				MTL_ENABLE_DEBUG_INFO = NO;
				MTL_FAST_MATH = YES;
				SDKROOT = iphoneos;
				SWIFT_COMPILATION_MODE = wholemodule;
				SWIFT_OPTIMIZATION_LEVEL = "-O";
				VALIDATE_PRODUCT = YES;
			};
			name = Release;
		};
		3C745FDA2852A83900D21707 /* Debug */ = {
			isa = XCBuildConfiguration;
			baseConfigurationReference = C3296D8F13213B3A4216E6A1 /* Pods-hire-ios-stops.debug.xcconfig */;
			buildSettings = {
				ASSETCATALOG_COMPILER_APPICON_NAME = AppIcon;
				ASSETCATALOG_COMPILER_GLOBAL_ACCENT_COLOR_NAME = AccentColor;
				CODE_SIGN_STYLE = Automatic;
				CURRENT_PROJECT_VERSION = 1;
				DEVELOPMENT_TEAM = 3H273L2D29;
				GENERATE_INFOPLIST_FILE = YES;
				INFOPLIST_FILE = "hire-ios-stops/Info.plist";
				INFOPLIST_KEY_UIApplicationSupportsIndirectInputEvents = YES;
				INFOPLIST_KEY_UILaunchStoryboardName = LaunchScreen;
				INFOPLIST_KEY_UISupportedInterfaceOrientations_iPad = "UIInterfaceOrientationPortrait UIInterfaceOrientationPortraitUpsideDown UIInterfaceOrientationLandscapeLeft UIInterfaceOrientationLandscapeRight";
				INFOPLIST_KEY_UISupportedInterfaceOrientations_iPhone = "UIInterfaceOrientationPortrait UIInterfaceOrientationLandscapeLeft UIInterfaceOrientationLandscapeRight";
				IPHONEOS_DEPLOYMENT_TARGET = 13.0;
				LD_RUNPATH_SEARCH_PATHS = (
					"$(inherited)",
					"@executable_path/Frameworks",
				);
				MARKETING_VERSION = 1.0;
				PRODUCT_BUNDLE_IDENTIFIER = "com.tripshot.hire-ios-stops";
				PRODUCT_NAME = "$(TARGET_NAME)";
				SWIFT_EMIT_LOC_STRINGS = YES;
				SWIFT_VERSION = 5.0;
				TARGETED_DEVICE_FAMILY = "1,2";
			};
			name = Debug;
		};
		3C745FDB2852A83900D21707 /* Release */ = {
			isa = XCBuildConfiguration;
			baseConfigurationReference = 554A5A3D2A7E6D9884A506F3 /* Pods-hire-ios-stops.release.xcconfig */;
			buildSettings = {
				ASSETCATALOG_COMPILER_APPICON_NAME = AppIcon;
				ASSETCATALOG_COMPILER_GLOBAL_ACCENT_COLOR_NAME = AccentColor;
				CODE_SIGN_STYLE = Automatic;
				CURRENT_PROJECT_VERSION = 1;
				DEVELOPMENT_TEAM = 3H273L2D29;
				GENERATE_INFOPLIST_FILE = YES;
				INFOPLIST_FILE = "hire-ios-stops/Info.plist";
				INFOPLIST_KEY_UIApplicationSupportsIndirectInputEvents = YES;
				INFOPLIST_KEY_UILaunchStoryboardName = LaunchScreen;
				INFOPLIST_KEY_UISupportedInterfaceOrientations_iPad = "UIInterfaceOrientationPortrait UIInterfaceOrientationPortraitUpsideDown UIInterfaceOrientationLandscapeLeft UIInterfaceOrientationLandscapeRight";
				INFOPLIST_KEY_UISupportedInterfaceOrientations_iPhone = "UIInterfaceOrientationPortrait UIInterfaceOrientationLandscapeLeft UIInterfaceOrientationLandscapeRight";
				IPHONEOS_DEPLOYMENT_TARGET = 13.0;
				LD_RUNPATH_SEARCH_PATHS = (
					"$(inherited)",
					"@executable_path/Frameworks",
				);
				MARKETING_VERSION = 1.0;
				PRODUCT_BUNDLE_IDENTIFIER = "com.tripshot.hire-ios-stops";
				PRODUCT_NAME = "$(TARGET_NAME)";
				SWIFT_EMIT_LOC_STRINGS = YES;
				SWIFT_VERSION = 5.0;
				TARGETED_DEVICE_FAMILY = "1,2";
			};
			name = Release;
		};
/* End XCBuildConfiguration section */

/* Begin XCConfigurationList section */
		3C745FC02852A83800D21707 /* Build configuration list for PBXProject "hire-ios-stops" */ = {
			isa = XCConfigurationList;
			buildConfigurations = (
				3C745FD72852A83900D21707 /* Debug */,
				3C745FD82852A83900D21707 /* Release */,
			);
			defaultConfigurationIsVisible = 0;
			defaultConfigurationName = Release;
		};
		3C745FD92852A83900D21707 /* Build configuration list for PBXNativeTarget "hire-ios-stops" */ = {
			isa = XCConfigurationList;
			buildConfigurations = (
				3C745FDA2852A83900D21707 /* Debug */,
				3C745FDB2852A83900D21707 /* Release */,
			);
			defaultConfigurationIsVisible = 0;
			defaultConfigurationName = Release;
		};
/* End XCConfigurationList section */
	};
	rootObject = 3C745FBD2852A83800D21707 /* Project object */;
}
